
Microsoft Visual Studio Solution File, Format Version 12.00
# Visual Studio 15
VisualStudioVersion = 15.0.27428.2015
MinimumVisualStudioVersion = 10.0.40219.1
Project("{FAE04EC0-301F-11D3-BF4B-00C04F79EFBC}") = "PurpleRain", "PurpleRain\PurpleRain.csproj", "{D61564DB-9C5A-40FC-876B-3369780B76FF}"
EndProject
Global
	GlobalSection(SolutionConfigurationPlatforms) = preSolution
		Debug|Any CPU = Debug|Any CPU
		Release|Any CPU = Release|Any CPU
	EndGlobalSection
	GlobalSection(ProjectConfigurationPlatforms) = postSolution
		{D61564DB-9C5A-40FC-876B-3369780B76FF}.Debug|Any CPU.ActiveCfg = Debug|Any CPU
		{D61564DB-9C5A-40FC-876B-3369780B76FF}.Debug|Any CPU.Build.0 = Debug|Any CPU
		{D61564DB-9C5A-40FC-876B-3369780B76FF}.Release|Any CPU.ActiveCfg = Release|Any CPU
		{D61564DB-9C5A-40FC-876B-3369780B76FF}.Release|Any CPU.Build.0 = Release|Any CPU
	EndGlobalSection
	GlobalSection(SolutionProperties) = preSolution
		HideSolutionNode = FALSE
	EndGlobalSection
	GlobalSection(ExtensibilityGlobals) = postSolution
		SolutionGuid = {2A75F8BD-26DC-483E-BAE1-28BB1FC61617}
	EndGlobalSection
EndGlobal
